
Microsoft Visual Studio Solution File, Format Version 12.00
# Visual Studio 15
VisualStudioVersion = 15.0.28307.421
MinimumVisualStudioVersion = 10.0.40219.1
Project("{FAE04EC0-301F-11D3-BF4B-00C04F79EFBC}") = "Hyla", "Hyla\Hyla.csproj", "{A0373583-12B1-4C9E-9185-E3900003BEAF}"
EndProject
Global
	GlobalSection(SolutionConfigurationPlatforms) = preSolution
		Debug|Any CPU = Debug|Any CPU
		Release|Any CPU = Release|Any CPU
	EndGlobalSection
	GlobalSection(ProjectConfigurationPlatforms) = postSolution
		{A0373583-12B1-4C9E-9185-E3900003BEAF}.Debug|Any CPU.ActiveCfg = Debug|Any CPU
		{A0373583-12B1-4C9E-9185-E3900003BEAF}.Debug|Any CPU.Build.0 = Debug|Any CPU
		{A0373583-12B1-4C9E-9185-E3900003BEAF}.Debug|Any CPU.Deploy.0 = Debug|Any CPU
		{A0373583-12B1-4C9E-9185-E3900003BEAF}.Release|Any CPU.ActiveCfg = Release|Any CPU
		{A0373583-12B1-4C9E-9185-E3900003BEAF}.Release|Any CPU.Build.0 = Release|Any CPU
		{A0373583-12B1-4C9E-9185-E3900003BEAF}.Release|Any CPU.Deploy.0 = Release|Any CPU
	EndGlobalSection
	GlobalSection(SolutionProperties) = preSolution
		HideSolutionNode = FALSE
	EndGlobalSection
	GlobalSection(ExtensibilityGlobals) = postSolution
		SolutionGuid = {57D09B94-FDB5-48BD-8142-3F3A85DB04F2}
	EndGlobalSection
EndGlobal
